
Microsoft Visual Studio Solution File, Format Version 12.00
# Visual Studio Version 17
VisualStudioVersion = 17.8.34322.80
MinimumVisualStudioVersion = 10.0.40219.1
Project("{9A19103F-16F7-4668-BE54-9A1E7A4F7556}") = "Day1", "Day1\Day1.csproj", "{86B2F412-5647-4173-A721-50DD2C8AB7D4}"
EndProject
Project("{9A19103F-16F7-4668-BE54-9A1E7A4F7556}") = "Base", "Base\Base.csproj", "{8676F4C0-EB65-4ACE-9C91-2E62A83AF991}"
EndProject
Project("{9A19103F-16F7-4668-BE54-9A1E7A4F7556}") = "Day2", "Day2\Day2.csproj", "{FB0C794F-70B3-46F9-8A77-292262330EA9}"
EndProject
Project("{9A19103F-16F7-4668-BE54-9A1E7A4F7556}") = "Day3", "Day3\Day3.csproj", "{C7CC2F01-AB7C-4E26-8B71-C6CEF5164E78}"
EndProject
Project("{9A19103F-16F7-4668-BE54-9A1E7A4F7556}") = "Day4", "Day4\Day4.csproj", "{D6E06B51-3F24-420E-B9C9-6A2D5E03FB90}"
EndProject
Project("{FAE04EC0-301F-11D3-BF4B-00C04F79EFBC}") = "Day5", "Day5\Day5.csproj", "{7D730169-941C-42EE-B575-BB7F3FDB9536}"
EndProject
Global
	GlobalSection(SolutionConfigurationPlatforms) = preSolution
		Debug|Any CPU = Debug|Any CPU
		Release|Any CPU = Release|Any CPU
	EndGlobalSection
	GlobalSection(ProjectConfigurationPlatforms) = postSolution
		{86B2F412-5647-4173-A721-50DD2C8AB7D4}.Debug|Any CPU.ActiveCfg = Debug|Any CPU
		{86B2F412-5647-4173-A721-50DD2C8AB7D4}.Debug|Any CPU.Build.0 = Debug|Any CPU
		{86B2F412-5647-4173-A721-50DD2C8AB7D4}.Release|Any CPU.ActiveCfg = Release|Any CPU
		{86B2F412-5647-4173-A721-50DD2C8AB7D4}.Release|Any CPU.Build.0 = Release|Any CPU
		{8676F4C0-EB65-4ACE-9C91-2E62A83AF991}.Debug|Any CPU.ActiveCfg = Debug|Any CPU
		{8676F4C0-EB65-4ACE-9C91-2E62A83AF991}.Debug|Any CPU.Build.0 = Debug|Any CPU
		{8676F4C0-EB65-4ACE-9C91-2E62A83AF991}.Release|Any CPU.ActiveCfg = Release|Any CPU
		{8676F4C0-EB65-4ACE-9C91-2E62A83AF991}.Release|Any CPU.Build.0 = Release|Any CPU
		{FB0C794F-70B3-46F9-8A77-292262330EA9}.Debug|Any CPU.ActiveCfg = Debug|Any CPU
		{FB0C794F-70B3-46F9-8A77-292262330EA9}.Debug|Any CPU.Build.0 = Debug|Any CPU
		{FB0C794F-70B3-46F9-8A77-292262330EA9}.Release|Any CPU.ActiveCfg = Release|Any CPU
		{FB0C794F-70B3-46F9-8A77-292262330EA9}.Release|Any CPU.Build.0 = Release|Any CPU
		{C7CC2F01-AB7C-4E26-8B71-C6CEF5164E78}.Debug|Any CPU.ActiveCfg = Debug|Any CPU
		{C7CC2F01-AB7C-4E26-8B71-C6CEF5164E78}.Debug|Any CPU.Build.0 = Debug|Any CPU
		{C7CC2F01-AB7C-4E26-8B71-C6CEF5164E78}.Release|Any CPU.ActiveCfg = Release|Any CPU
		{C7CC2F01-AB7C-4E26-8B71-C6CEF5164E78}.Release|Any CPU.Build.0 = Release|Any CPU
		{D6E06B51-3F24-420E-B9C9-6A2D5E03FB90}.Debug|Any CPU.ActiveCfg = Debug|Any CPU
		{D6E06B51-3F24-420E-B9C9-6A2D5E03FB90}.Debug|Any CPU.Build.0 = Debug|Any CPU
		{D6E06B51-3F24-420E-B9C9-6A2D5E03FB90}.Release|Any CPU.ActiveCfg = Release|Any CPU
		{D6E06B51-3F24-420E-B9C9-6A2D5E03FB90}.Release|Any CPU.Build.0 = Release|Any CPU
		{7D730169-941C-42EE-B575-BB7F3FDB9536}.Debug|Any CPU.ActiveCfg = Debug|Any CPU
		{7D730169-941C-42EE-B575-BB7F3FDB9536}.Debug|Any CPU.Build.0 = Debug|Any CPU
		{7D730169-941C-42EE-B575-BB7F3FDB9536}.Release|Any CPU.ActiveCfg = Release|Any CPU
		{7D730169-941C-42EE-B575-BB7F3FDB9536}.Release|Any CPU.Build.0 = Release|Any CPU
	EndGlobalSection
	GlobalSection(SolutionProperties) = preSolution
		HideSolutionNode = FALSE
	EndGlobalSection
	GlobalSection(ExtensibilityGlobals) = postSolution
		SolutionGuid = {52969098-9775-4474-9AAD-A7CD101AC6FD}
	EndGlobalSection
EndGlobal
