
Microsoft Visual Studio Solution File, Format Version 12.00
# Visual Studio Version 17
VisualStudioVersion = 17.8.34322.80
MinimumVisualStudioVersion = 10.0.40219.1
Project("{9A19103F-16F7-4668-BE54-9A1E7A4F7556}") = "Day1", "Day1\Day1.csproj", "{86B2F412-5647-4173-A721-50DD2C8AB7D4}"
EndProject
Project("{9A19103F-16F7-4668-BE54-9A1E7A4F7556}") = "Base", "Base\Base.csproj", "{8676F4C0-EB65-4ACE-9C91-2E62A83AF991}"
EndProject
Project("{9A19103F-16F7-4668-BE54-9A1E7A4F7556}") = "Day2", "Day2\Day2.csproj", "{FB0C794F-70B3-46F9-8A77-292262330EA9}"
EndProject
Project("{9A19103F-16F7-4668-BE54-9A1E7A4F7556}") = "Day3", "Day3\Day3.csproj", "{C7CC2F01-AB7C-4E26-8B71-C6CEF5164E78}"
EndProject
Project("{9A19103F-16F7-4668-BE54-9A1E7A4F7556}") = "Day4", "Day4\Day4.csproj", "{D6E06B51-3F24-420E-B9C9-6A2D5E03FB90}"
EndProject
Project("{9A19103F-16F7-4668-BE54-9A1E7A4F7556}") = "Day5", "Day5\Day5.csproj", "{7D730169-941C-42EE-B575-BB7F3FDB9536}"
EndProject
Project("{9A19103F-16F7-4668-BE54-9A1E7A4F7556}") = "Day6", "Day6\Day6.csproj", "{16FDACF8-F8F8-41BC-A66B-A66C96290C10}"
EndProject
Project("{9A19103F-16F7-4668-BE54-9A1E7A4F7556}") = "Day7", "Day7\Day7.csproj", "{13607AE0-8913-474D-BC9A-B8E8F33940C7}"
EndProject
Project("{9A19103F-16F7-4668-BE54-9A1E7A4F7556}") = "Day8", "Day8\Day8.csproj", "{D37C13E0-8859-4215-8C9A-494F77BCEBEB}"
EndProject
Project("{9A19103F-16F7-4668-BE54-9A1E7A4F7556}") = "Day9", "Day9\Day9.csproj", "{2CAE8EC5-DF1D-410E-8A94-660ECCFB8AAF}"
EndProject
Project("{9A19103F-16F7-4668-BE54-9A1E7A4F7556}") = "Day10", "Day10\Day10.csproj", "{F66CA116-9F91-4D31-BCDE-93454BC6D67D}"
EndProject
Project("{9A19103F-16F7-4668-BE54-9A1E7A4F7556}") = "Day11", "Day11\Day11.csproj", "{BFCB98BE-C869-4352-AE6C-1B0F27D2CB04}"
EndProject
Project("{FAE04EC0-301F-11D3-BF4B-00C04F79EFBC}") = "Day12", "Day12\Day12.csproj", "{78C7B248-26CD-4732-A753-0DE4835D453C}"
EndProject
Project("{FAE04EC0-301F-11D3-BF4B-00C04F79EFBC}") = "Day13", "Day13\Day13.csproj", "{57825972-BB11-4C5C-9AD1-55D0FDC90F6F}"
EndProject
Project("{FAE04EC0-301F-11D3-BF4B-00C04F79EFBC}") = "Day14", "Day14\Day14.csproj", "{C708782B-EBC3-4C8C-9FD7-27C9619708EB}"
EndProject
Global
	GlobalSection(SolutionConfigurationPlatforms) = preSolution
		Debug|Any CPU = Debug|Any CPU
		Release|Any CPU = Release|Any CPU
	EndGlobalSection
	GlobalSection(ProjectConfigurationPlatforms) = postSolution
		{86B2F412-5647-4173-A721-50DD2C8AB7D4}.Debug|Any CPU.ActiveCfg = Debug|Any CPU
		{86B2F412-5647-4173-A721-50DD2C8AB7D4}.Debug|Any CPU.Build.0 = Debug|Any CPU
		{86B2F412-5647-4173-A721-50DD2C8AB7D4}.Release|Any CPU.ActiveCfg = Release|Any CPU
		{86B2F412-5647-4173-A721-50DD2C8AB7D4}.Release|Any CPU.Build.0 = Release|Any CPU
		{8676F4C0-EB65-4ACE-9C91-2E62A83AF991}.Debug|Any CPU.ActiveCfg = Debug|Any CPU
		{8676F4C0-EB65-4ACE-9C91-2E62A83AF991}.Debug|Any CPU.Build.0 = Debug|Any CPU
		{8676F4C0-EB65-4ACE-9C91-2E62A83AF991}.Release|Any CPU.ActiveCfg = Release|Any CPU
		{8676F4C0-EB65-4ACE-9C91-2E62A83AF991}.Release|Any CPU.Build.0 = Release|Any CPU
		{FB0C794F-70B3-46F9-8A77-292262330EA9}.Debug|Any CPU.ActiveCfg = Debug|Any CPU
		{FB0C794F-70B3-46F9-8A77-292262330EA9}.Debug|Any CPU.Build.0 = Debug|Any CPU
		{FB0C794F-70B3-46F9-8A77-292262330EA9}.Release|Any CPU.ActiveCfg = Release|Any CPU
		{FB0C794F-70B3-46F9-8A77-292262330EA9}.Release|Any CPU.Build.0 = Release|Any CPU
		{C7CC2F01-AB7C-4E26-8B71-C6CEF5164E78}.Debug|Any CPU.ActiveCfg = Debug|Any CPU
		{C7CC2F01-AB7C-4E26-8B71-C6CEF5164E78}.Debug|Any CPU.Build.0 = Debug|Any CPU
		{C7CC2F01-AB7C-4E26-8B71-C6CEF5164E78}.Release|Any CPU.ActiveCfg = Release|Any CPU
		{C7CC2F01-AB7C-4E26-8B71-C6CEF5164E78}.Release|Any CPU.Build.0 = Release|Any CPU
		{D6E06B51-3F24-420E-B9C9-6A2D5E03FB90}.Debug|Any CPU.ActiveCfg = Debug|Any CPU
		{D6E06B51-3F24-420E-B9C9-6A2D5E03FB90}.Debug|Any CPU.Build.0 = Debug|Any CPU
		{D6E06B51-3F24-420E-B9C9-6A2D5E03FB90}.Release|Any CPU.ActiveCfg = Release|Any CPU
		{D6E06B51-3F24-420E-B9C9-6A2D5E03FB90}.Release|Any CPU.Build.0 = Release|Any CPU
		{7D730169-941C-42EE-B575-BB7F3FDB9536}.Debug|Any CPU.ActiveCfg = Debug|Any CPU
		{7D730169-941C-42EE-B575-BB7F3FDB9536}.Debug|Any CPU.Build.0 = Debug|Any CPU
		{7D730169-941C-42EE-B575-BB7F3FDB9536}.Release|Any CPU.ActiveCfg = Release|Any CPU
		{7D730169-941C-42EE-B575-BB7F3FDB9536}.Release|Any CPU.Build.0 = Release|Any CPU
		{16FDACF8-F8F8-41BC-A66B-A66C96290C10}.Debug|Any CPU.ActiveCfg = Debug|Any CPU
		{16FDACF8-F8F8-41BC-A66B-A66C96290C10}.Debug|Any CPU.Build.0 = Debug|Any CPU
		{16FDACF8-F8F8-41BC-A66B-A66C96290C10}.Release|Any CPU.ActiveCfg = Release|Any CPU
		{16FDACF8-F8F8-41BC-A66B-A66C96290C10}.Release|Any CPU.Build.0 = Release|Any CPU
		{13607AE0-8913-474D-BC9A-B8E8F33940C7}.Debug|Any CPU.ActiveCfg = Debug|Any CPU
		{13607AE0-8913-474D-BC9A-B8E8F33940C7}.Debug|Any CPU.Build.0 = Debug|Any CPU
		{13607AE0-8913-474D-BC9A-B8E8F33940C7}.Release|Any CPU.ActiveCfg = Release|Any CPU
		{13607AE0-8913-474D-BC9A-B8E8F33940C7}.Release|Any CPU.Build.0 = Release|Any CPU
		{D37C13E0-8859-4215-8C9A-494F77BCEBEB}.Debug|Any CPU.ActiveCfg = Debug|Any CPU
		{D37C13E0-8859-4215-8C9A-494F77BCEBEB}.Debug|Any CPU.Build.0 = Debug|Any CPU
		{D37C13E0-8859-4215-8C9A-494F77BCEBEB}.Release|Any CPU.ActiveCfg = Release|Any CPU
		{D37C13E0-8859-4215-8C9A-494F77BCEBEB}.Release|Any CPU.Build.0 = Release|Any CPU
		{2CAE8EC5-DF1D-410E-8A94-660ECCFB8AAF}.Debug|Any CPU.ActiveCfg = Debug|Any CPU
		{2CAE8EC5-DF1D-410E-8A94-660ECCFB8AAF}.Debug|Any CPU.Build.0 = Debug|Any CPU
		{2CAE8EC5-DF1D-410E-8A94-660ECCFB8AAF}.Release|Any CPU.ActiveCfg = Release|Any CPU
		{2CAE8EC5-DF1D-410E-8A94-660ECCFB8AAF}.Release|Any CPU.Build.0 = Release|Any CPU
		{F66CA116-9F91-4D31-BCDE-93454BC6D67D}.Debug|Any CPU.ActiveCfg = Debug|Any CPU
		{F66CA116-9F91-4D31-BCDE-93454BC6D67D}.Debug|Any CPU.Build.0 = Debug|Any CPU
		{F66CA116-9F91-4D31-BCDE-93454BC6D67D}.Release|Any CPU.ActiveCfg = Release|Any CPU
		{F66CA116-9F91-4D31-BCDE-93454BC6D67D}.Release|Any CPU.Build.0 = Release|Any CPU
		{BFCB98BE-C869-4352-AE6C-1B0F27D2CB04}.Debug|Any CPU.ActiveCfg = Debug|Any CPU
		{BFCB98BE-C869-4352-AE6C-1B0F27D2CB04}.Debug|Any CPU.Build.0 = Debug|Any CPU
		{BFCB98BE-C869-4352-AE6C-1B0F27D2CB04}.Release|Any CPU.ActiveCfg = Release|Any CPU
		{BFCB98BE-C869-4352-AE6C-1B0F27D2CB04}.Release|Any CPU.Build.0 = Release|Any CPU
		{78C7B248-26CD-4732-A753-0DE4835D453C}.Debug|Any CPU.ActiveCfg = Debug|Any CPU
		{78C7B248-26CD-4732-A753-0DE4835D453C}.Debug|Any CPU.Build.0 = Debug|Any CPU
		{78C7B248-26CD-4732-A753-0DE4835D453C}.Release|Any CPU.ActiveCfg = Release|Any CPU
		{78C7B248-26CD-4732-A753-0DE4835D453C}.Release|Any CPU.Build.0 = Release|Any CPU
		{57825972-BB11-4C5C-9AD1-55D0FDC90F6F}.Debug|Any CPU.ActiveCfg = Debug|Any CPU
		{57825972-BB11-4C5C-9AD1-55D0FDC90F6F}.Debug|Any CPU.Build.0 = Debug|Any CPU
		{57825972-BB11-4C5C-9AD1-55D0FDC90F6F}.Release|Any CPU.ActiveCfg = Release|Any CPU
		{57825972-BB11-4C5C-9AD1-55D0FDC90F6F}.Release|Any CPU.Build.0 = Release|Any CPU
		{C708782B-EBC3-4C8C-9FD7-27C9619708EB}.Debug|Any CPU.ActiveCfg = Debug|Any CPU
		{C708782B-EBC3-4C8C-9FD7-27C9619708EB}.Debug|Any CPU.Build.0 = Debug|Any CPU
		{C708782B-EBC3-4C8C-9FD7-27C9619708EB}.Release|Any CPU.ActiveCfg = Release|Any CPU
		{C708782B-EBC3-4C8C-9FD7-27C9619708EB}.Release|Any CPU.Build.0 = Release|Any CPU
	EndGlobalSection
	GlobalSection(SolutionProperties) = preSolution
		HideSolutionNode = FALSE
	EndGlobalSection
	GlobalSection(ExtensibilityGlobals) = postSolution
		SolutionGuid = {52969098-9775-4474-9AAD-A7CD101AC6FD}
	EndGlobalSection
EndGlobal
